github.com/mat-sik/saga-go/saga v0.0.0-20260809171512-226e8e14c5ce h1:B6SKrwkklNul5C01yEDr+Sdv0q2kWq0jbrk6WaV+pBo=
github.com/mat-sik/saga-go/saga v0.0.0-20260809171512-226e8e14c5ce/go.mod h1:TpNo/b7Urqv9GDBkXY7uCF27qospPe3MCLyHUFv23Q0=
github.com/mat-sik/saga-go/saga v0.0.0-20260809173658-2c37862cd40d h1:G/kcxmR20aFa0LORKZrsibqSQFRyoTt+ftgYYSa1tLA=
github.com/mat-sik/saga-go/saga v0.0.0-20260809173658-2c37862cd40d/go.mod h1:TpNo/b7Urqv9GDBkXY7uCF27qospPe3MCLyHUFv23Q0=
github.com/mat-sik/saga-go/saga v0.0.0-20260810190912-c90239d7b017 h1:+BHGgpZLSvylwl0k30xQI+4P3RHRMrqGamoir1Zvsb4=
github.com/mat-sik/saga-go/saga v0.0.0-20260810190912-c90239d7b017/go.mod h1:TpNo/b7Urqv9GDBkXY7uCF27qospPe3MCLyHUFv23Q0=
